
Microsoft Visual Studio Solution File, Format Version 12.00
# Visual Studio Version 16
VisualStudioVersion = 16.0.30204.135
MinimumVisualStudioVersion = 10.0.40219.1
Project("{FAE04EC0-301F-11D3-BF4B-00C04F79EFBC}") = "Лабораторная работа 1 пункт 5", "Лабораторная работа 1 пункт 5\Лабораторная работа 1 пункт 5.csproj", "{C764A0E9-BEC8-4662-BF0F-E3DE5CC6CF4A}"
EndProject
Global
	GlobalSection(SolutionConfigurationPlatforms) = preSolution
		Debug|Any CPU = Debug|Any CPU
		Release|Any CPU = Release|Any CPU
	EndGlobalSection
	GlobalSection(ProjectConfigurationPlatforms) = postSolution
		{C764A0E9-BEC8-4662-BF0F-E3DE5CC6CF4A}.Debug|Any CPU.ActiveCfg = Debug|Any CPU
		{C764A0E9-BEC8-4662-BF0F-E3DE5CC6CF4A}.Debug|Any CPU.Build.0 = Debug|Any CPU
		{C764A0E9-BEC8-4662-BF0F-E3DE5CC6CF4A}.Release|Any CPU.ActiveCfg = Release|Any CPU
		{C764A0E9-BEC8-4662-BF0F-E3DE5CC6CF4A}.Release|Any CPU.Build.0 = Release|Any CPU
	EndGlobalSection
	GlobalSection(SolutionProperties) = preSolution
		HideSolutionNode = FALSE
	EndGlobalSection
	GlobalSection(ExtensibilityGlobals) = postSolution
		SolutionGuid = {0FB4705A-5D34-4D82-90EE-1766E9ABDF9F}
	EndGlobalSection
EndGlobal
