
Microsoft Visual Studio Solution File, Format Version 12.00
# Visual Studio Version 16
VisualStudioVersion = 16.0.30204.135
MinimumVisualStudioVersion = 10.0.40219.1
Project("{FAE04EC0-301F-11D3-BF4B-00C04F79EFBC}") = "Лабораторная №3", "Лабораторная №3\Лабораторная №3.csproj", "{94DAD904-156D-4422-9B8D-E373609B1DC6}"
EndProject
Global
	GlobalSection(SolutionConfigurationPlatforms) = preSolution
		Debug|Any CPU = Debug|Any CPU
		Release|Any CPU = Release|Any CPU
	EndGlobalSection
	GlobalSection(ProjectConfigurationPlatforms) = postSolution
		{94DAD904-156D-4422-9B8D-E373609B1DC6}.Debug|Any CPU.ActiveCfg = Debug|Any CPU
		{94DAD904-156D-4422-9B8D-E373609B1DC6}.Debug|Any CPU.Build.0 = Debug|Any CPU
		{94DAD904-156D-4422-9B8D-E373609B1DC6}.Release|Any CPU.ActiveCfg = Release|Any CPU
		{94DAD904-156D-4422-9B8D-E373609B1DC6}.Release|Any CPU.Build.0 = Release|Any CPU
	EndGlobalSection
	GlobalSection(SolutionProperties) = preSolution
		HideSolutionNode = FALSE
	EndGlobalSection
	GlobalSection(ExtensibilityGlobals) = postSolution
		SolutionGuid = {C2448C6C-FAD1-4AF4-80BC-2A719488D5D9}
	EndGlobalSection
EndGlobal
